// !$*UTF8*$!
{
	archiveVersion = 1;
	classes = {
	};
	objectVersion = 52;
	objects = {

/* Begin PBXBuildFile section */
		90635DAD26A61AA9005C9C47 /* BodyView.swift in Sources */ = {isa = PBXBuildFile; fileRef = 90635DAC26A61AA9005C9C47 /* BodyView.swift */; };
		90635DB126A61B45005C9C47 /* WeighingView.swift in Sources */ = {isa = PBXBuildFile; fileRef = 90635DB026A61B45005C9C47 /* WeighingView.swift */; };
		90635DB426A61BBC005C9C47 /* ProfilView.swift in Sources */ = {isa = PBXBuildFile; fileRef = 90635DB326A61BBC005C9C47 /* ProfilView.swift */; };
		D03F6FC926A9B7D600021914 /* BarView.swift in Sources */ = {isa = PBXBuildFile; fileRef = D03F6FC826A9B7D600021914 /* BarView.swift */; };
		D03F6FCB26A9EE2500021914 /* LoginUI.swift in Sources */ = {isa = PBXBuildFile; fileRef = D03F6FCA26A9EE2500021914 /* LoginUI.swift */; };
		D03F6FCD26A9FA5D00021914 /* SignUpUI.swift in Sources */ = {isa = PBXBuildFile; fileRef = D03F6FCC26A9FA5D00021914 /* SignUpUI.swift */; };
		D063FE0B26C7255800D25AE0 /* test.swift in Sources */ = {isa = PBXBuildFile; fileRef = D063FE0A26C7255800D25AE0 /* test.swift */; };
		D065CEDB26B44D2900E93117 /* weight.swift in Sources */ = {isa = PBXBuildFile; fileRef = D065CEDA26B44D2900E93117 /* weight.swift */; };
		D065CEDF26B45AFA00E93117 /* EAlert.swift in Sources */ = {isa = PBXBuildFile; fileRef = D065CEDE26B45AFA00E93117 /* EAlert.swift */; };
		D06A051C26B9BB6500CF2701 /* MDO.swift in Sources */ = {isa = PBXBuildFile; fileRef = D06A051B26B9BB6500CF2701 /* MDO.swift */; };
		D0C07C1426A35BDC0018E0CA /* SurveillerVotrePoidsApp.swift in Sources */ = {isa = PBXBuildFile; fileRef = D0C07C1326A35BDC0018E0CA /* SurveillerVotrePoidsApp.swift */; };
		D0C07C1626A35BDC0018E0CA /* ContentView.swift in Sources */ = {isa = PBXBuildFile; fileRef = D0C07C1526A35BDC0018E0CA /* ContentView.swift */; };
		D0C07C1826A35BDF0018E0CA /* Assets.xcassets in Resources */ = {isa = PBXBuildFile; fileRef = D0C07C1726A35BDF0018E0CA /* Assets.xcassets */; };
		D0C07C1B26A35BDF0018E0CA /* Preview Assets.xcassets in Resources */ = {isa = PBXBuildFile; fileRef = D0C07C1A26A35BDF0018E0CA /* Preview Assets.xcassets */; };
		D0C91B6326B97EDF003B3227 /* FirebaseAuth in Frameworks */ = {isa = PBXBuildFile; productRef = D0C91B6226B97EDF003B3227 /* FirebaseAuth */; };
		D0C91B6526B97EDF003B3227 /* FirebaseFirestore in Frameworks */ = {isa = PBXBuildFile; productRef = D0C91B6426B97EDF003B3227 /* FirebaseFirestore */; };
		D0C91B6726B97EDF003B3227 /* FirebaseDatabase in Frameworks */ = {isa = PBXBuildFile; productRef = D0C91B6626B97EDF003B3227 /* FirebaseDatabase */; };
		D0C91B6926B981C6003B3227 /* GoogleService-Info.plist in Resources */ = {isa = PBXBuildFile; fileRef = D0C91B6826B981C6003B3227 /* GoogleService-Info.plist */; };
		D0D82D6226BD309E00AE9A89 /* weightViewModel.swift in Sources */ = {isa = PBXBuildFile; fileRef = D0D82D6126BD309E00AE9A89 /* weightViewModel.swift */; };
		D0DDA35A26A6E23700C7F645 /* SwiftUICharts in Frameworks */ = {isa = PBXBuildFile; productRef = D0DDA35926A6E23700C7F645 /* SwiftUICharts */; };
		D0EFA69026BC655900DD7EFC /* Rectangleimage.swift in Sources */ = {isa = PBXBuildFile; fileRef = D0EFA68F26BC655900DD7EFC /* Rectangleimage.swift */; };
		D0FCFCB826A889830083D6E5 /* Circleimage.swift in Sources */ = {isa = PBXBuildFile; fileRef = D0FCFCB726A889830083D6E5 /* Circleimage.swift */; };
/* End PBXBuildFile section */

/* Begin PBXFileReference section */
		90635DAC26A61AA9005C9C47 /* BodyView.swift */ = {isa = PBXFileReference; lastKnownFileType = sourcecode.swift; path = BodyView.swift; sourceTree = "<group>"; };
		90635DB026A61B45005C9C47 /* WeighingView.swift */ = {isa = PBXFileReference; lastKnownFileType = sourcecode.swift; path = WeighingView.swift; sourceTree = "<group>"; };
		90635DB326A61BBC005C9C47 /* ProfilView.swift */ = {isa = PBXFileReference; lastKnownFileType = sourcecode.swift; path = ProfilView.swift; sourceTree = "<group>"; };
		D03F6FC826A9B7D600021914 /* BarView.swift */ = {isa = PBXFileReference; lastKnownFileType = sourcecode.swift; path = BarView.swift; sourceTree = "<group>"; };
		D03F6FCA26A9EE2500021914 /* LoginUI.swift */ = {isa = PBXFileReference; lastKnownFileType = sourcecode.swift; path = LoginUI.swift; sourceTree = "<group>"; };
		D03F6FCC26A9FA5D00021914 /* SignUpUI.swift */ = {isa = PBXFileReference; lastKnownFileType = sourcecode.swift; path = SignUpUI.swift; sourceTree = "<group>"; };
		D063FE0A26C7255800D25AE0 /* test.swift */ = {isa = PBXFileReference; lastKnownFileType = sourcecode.swift; path = test.swift; sourceTree = "<group>"; };
		D065CEDA26B44D2900E93117 /* weight.swift */ = {isa = PBXFileReference; lastKnownFileType = sourcecode.swift; path = weight.swift; sourceTree = "<group>"; };
		D065CEDE26B45AFA00E93117 /* EAlert.swift */ = {isa = PBXFileReference; lastKnownFileType = sourcecode.swift; path = EAlert.swift; sourceTree = "<group>"; };
		D06A051B26B9BB6500CF2701 /* MDO.swift */ = {isa = PBXFileReference; lastKnownFileType = sourcecode.swift; path = MDO.swift; sourceTree = "<group>"; };
		D0C07C1026A35BDC0018E0CA /* SurveillerVotrePoids.app */ = {isa = PBXFileReference; explicitFileType = wrapper.application; includeInIndex = 0; path = SurveillerVotrePoids.app; sourceTree = BUILT_PRODUCTS_DIR; };
		D0C07C1326A35BDC0018E0CA /* SurveillerVotrePoidsApp.swift */ = {isa = PBXFileReference; lastKnownFileType = sourcecode.swift; path = SurveillerVotrePoidsApp.swift; sourceTree = "<group>"; };
		D0C07C1526A35BDC0018E0CA /* ContentView.swift */ = {isa = PBXFileReference; lastKnownFileType = sourcecode.swift; path = ContentView.swift; sourceTree = "<group>"; };
		D0C07C1726A35BDF0018E0CA /* Assets.xcassets */ = {isa = PBXFileReference; lastKnownFileType = folder.assetcatalog; path = Assets.xcassets; sourceTree = "<group>"; };
		D0C07C1A26A35BDF0018E0CA /* Preview Assets.xcassets */ = {isa = PBXFileReference; lastKnownFileType = folder.assetcatalog; path = "Preview Assets.xcassets"; sourceTree = "<group>"; };
		D0C07C1C26A35BDF0018E0CA /* Info.plist */ = {isa = PBXFileReference; lastKnownFileType = text.plist.xml; path = Info.plist; sourceTree = "<group>"; };
		D0C91B6826B981C6003B3227 /* GoogleService-Info.plist */ = {isa = PBXFileReference; fileEncoding = 4; lastKnownFileType = text.plist.xml; name = "GoogleService-Info.plist"; path = "../../../../Downloads/GoogleService-Info.plist"; sourceTree = "<group>"; };
		D0D82D6126BD309E00AE9A89 /* weightViewModel.swift */ = {isa = PBXFileReference; lastKnownFileType = sourcecode.swift; path = weightViewModel.swift; sourceTree = "<group>"; };
		D0EFA68F26BC655900DD7EFC /* Rectangleimage.swift */ = {isa = PBXFileReference; lastKnownFileType = sourcecode.swift; path = Rectangleimage.swift; sourceTree = "<group>"; };
		D0FCFCB726A889830083D6E5 /* Circleimage.swift */ = {isa = PBXFileReference; fileEncoding = 4; lastKnownFileType = sourcecode.swift; name = Circleimage.swift; path = "../../SwiftUI Demo 2/SwiftUI Demo 2/Circleimage.swift"; sourceTree = "<group>"; };
/* End PBXFileReference section */

/* Begin PBXFrameworksBuildPhase section */
		D0C07C0D26A35BDC0018E0CA /* Frameworks */ = {
			isa = PBXFrameworksBuildPhase;
			buildActionMask = 2147483647;
			files = (
				D0DDA35A26A6E23700C7F645 /* SwiftUICharts in Frameworks */,
				D0C91B6326B97EDF003B3227 /* FirebaseAuth in Frameworks */,
				D0C91B6726B97EDF003B3227 /* FirebaseDatabase in Frameworks */,
				D0C91B6526B97EDF003B3227 /* FirebaseFirestore in Frameworks */,
			);
			runOnlyForDeploymentPostprocessing = 0;
		};
/* End PBXFrameworksBuildPhase section */

/* Begin PBXGroup section */
		90635DAB26A61A90005C9C47 /* View */ = {
			isa = PBXGroup;
			children = (
				D0C91B6826B981C6003B3227 /* GoogleService-Info.plist */,
				90635DAC26A61AA9005C9C47 /* BodyView.swift */,
				90635DB026A61B45005C9C47 /* WeighingView.swift */,
				90635DB326A61BBC005C9C47 /* ProfilView.swift */,
				D03F6FCA26A9EE2500021914 /* LoginUI.swift */,
				D03F6FCC26A9FA5D00021914 /* SignUpUI.swift */,
				D06A051B26B9BB6500CF2701 /* MDO.swift */,
			);
			path = View;
			sourceTree = "<group>";
		};
		D0C07C0726A35BDC0018E0CA = {
			isa = PBXGroup;
			children = (
				D0C07C1226A35BDC0018E0CA /* SurveillerVotrePoids */,
				D0C07C1126A35BDC0018E0CA /* Products */,
			);
			sourceTree = "<group>";
		};
		D0C07C1126A35BDC0018E0CA /* Products */ = {
			isa = PBXGroup;
			children = (
				D0C07C1026A35BDC0018E0CA /* SurveillerVotrePoids.app */,
			);
			name = Products;
			sourceTree = "<group>";
		};
		D0C07C1226A35BDC0018E0CA /* SurveillerVotrePoids */ = {
			isa = PBXGroup;
			children = (
				90635DAB26A61A90005C9C47 /* View */,
				D0C07C1326A35BDC0018E0CA /* SurveillerVotrePoidsApp.swift */,
				D0FCFCB726A889830083D6E5 /* Circleimage.swift */,
				D0C07C1526A35BDC0018E0CA /* ContentView.swift */,
				D0C07C1726A35BDF0018E0CA /* Assets.xcassets */,
				D0C07C1C26A35BDF0018E0CA /* Info.plist */,
				D0C07C1926A35BDF0018E0CA /* Preview Content */,
				D03F6FC826A9B7D600021914 /* BarView.swift */,
				D065CEDA26B44D2900E93117 /* weight.swift */,
				D065CEDE26B45AFA00E93117 /* EAlert.swift */,
				D0EFA68F26BC655900DD7EFC /* Rectangleimage.swift */,
				D0D82D6126BD309E00AE9A89 /* weightViewModel.swift */,
				D063FE0A26C7255800D25AE0 /* test.swift */,
			);
			path = SurveillerVotrePoids;
			sourceTree = "<group>";
		};
		D0C07C1926A35BDF0018E0CA /* Preview Content */ = {
			isa = PBXGroup;
			children = (
				D0C07C1A26A35BDF0018E0CA /* Preview Assets.xcassets */,
			);
			path = "Preview Content";
			sourceTree = "<group>";
		};
/* End PBXGroup section */

/* Begin PBXNativeTarget section */
		D0C07C0F26A35BDC0018E0CA /* SurveillerVotrePoids */ = {
			isa = PBXNativeTarget;
			buildConfigurationList = D0C07C1F26A35BDF0018E0CA /* Build configuration list for PBXNativeTarget "SurveillerVotrePoids" */;
			buildPhases = (
				D0C07C0C26A35BDC0018E0CA /* Sources */,
				D0C07C0D26A35BDC0018E0CA /* Frameworks */,
				D0C07C0E26A35BDC0018E0CA /* Resources */,
			);
			buildRules = (
			);
			dependencies = (
			);
			name = SurveillerVotrePoids;
			packageProductDependencies = (
				D0DDA35926A6E23700C7F645 /* SwiftUICharts */,
				D0C91B6226B97EDF003B3227 /* FirebaseAuth */,
				D0C91B6426B97EDF003B3227 /* FirebaseFirestore */,
				D0C91B6626B97EDF003B3227 /* FirebaseDatabase */,
			);
			productName = SurveillerVotrePoids;
			productReference = D0C07C1026A35BDC0018E0CA /* SurveillerVotrePoids.app */;
			productType = "com.apple.product-type.application";
		};
/* End PBXNativeTarget section */

/* Begin PBXProject section */
		D0C07C0826A35BDC0018E0CA /* Project object */ = {
			isa = PBXProject;
			attributes = {
				LastSwiftUpdateCheck = 1250;
				LastUpgradeCheck = 1250;
				TargetAttributes = {
					D0C07C0F26A35BDC0018E0CA = {
						CreatedOnToolsVersion = 12.5;
					};
				};
			};
			buildConfigurationList = D0C07C0B26A35BDC0018E0CA /* Build configuration list for PBXProject "SurveillerVotrePoids" */;
			compatibilityVersion = "Xcode 9.3";
			developmentRegion = en;
			hasScannedForEncodings = 0;
			knownRegions = (
				en,
				Base,
			);
			mainGroup = D0C07C0726A35BDC0018E0CA;
			packageReferences = (
				D0DDA35826A6E23700C7F645 /* XCRemoteSwiftPackageReference "ChartView" */,
				D0C91B6126B97EDF003B3227 /* XCRemoteSwiftPackageReference "firebase-ios-sdk" */,
			);
			productRefGroup = D0C07C1126A35BDC0018E0CA /* Products */;
			projectDirPath = "";
			projectRoot = "";
			targets = (
				D0C07C0F26A35BDC0018E0CA /* SurveillerVotrePoids */,
			);
		};
/* End PBXProject section */

/* Begin PBXResourcesBuildPhase section */
		D0C07C0E26A35BDC0018E0CA /* Resources */ = {
			isa = PBXResourcesBuildPhase;
			buildActionMask = 2147483647;
			files = (
				D0C07C1B26A35BDF0018E0CA /* Preview Assets.xcassets in Resources */,
				D0C07C1826A35BDF0018E0CA /* Assets.xcassets in Resources */,
				D0C91B6926B981C6003B3227 /* GoogleService-Info.plist in Resources */,
			);
			runOnlyForDeploymentPostprocessing = 0;
		};
/* End PBXResourcesBuildPhase section */

/* Begin PBXSourcesBuildPhase section */
		D0C07C0C26A35BDC0018E0CA /* Sources */ = {
			isa = PBXSourcesBuildPhase;
			buildActionMask = 2147483647;
			files = (
				D03F6FC926A9B7D600021914 /* BarView.swift in Sources */,
				D065CEDB26B44D2900E93117 /* weight.swift in Sources */,
				D0D82D6226BD309E00AE9A89 /* weightViewModel.swift in Sources */,
				D0C07C1626A35BDC0018E0CA /* ContentView.swift in Sources */,
				90635DB426A61BBC005C9C47 /* ProfilView.swift in Sources */,
				D0C07C1426A35BDC0018E0CA /* SurveillerVotrePoidsApp.swift in Sources */,
				90635DB126A61B45005C9C47 /* WeighingView.swift in Sources */,
				D0EFA69026BC655900DD7EFC /* Rectangleimage.swift in Sources */,
				90635DAD26A61AA9005C9C47 /* BodyView.swift in Sources */,
				D065CEDF26B45AFA00E93117 /* EAlert.swift in Sources */,
				D06A051C26B9BB6500CF2701 /* MDO.swift in Sources */,
				D0FCFCB826A889830083D6E5 /* Circleimage.swift in Sources */,
				D03F6FCB26A9EE2500021914 /* LoginUI.swift in Sources */,
				D063FE0B26C7255800D25AE0 /* test.swift in Sources */,
				D03F6FCD26A9FA5D00021914 /* SignUpUI.swift in Sources */,
			);
			runOnlyForDeploymentPostprocessing = 0;
		};
/* End PBXSourcesBuildPhase section */

/* Begin XCBuildConfiguration section */
		D0C07C1D26A35BDF0018E0CA /* Debug */ = {
			isa = XCBuildConfiguration;
			buildSettings = {
				ALWAYS_SEARCH_USER_PATHS = NO;
				CLANG_ANALYZER_NONNULL = YES;
				CLANG_ANALYZER_NUMBER_OBJECT_CONVERSION = YES_AGGRESSIVE;
				CLANG_CXX_LANGUAGE_STANDARD = "gnu++14";
				CLANG_CXX_LIBRARY = "libc++";
				CLANG_ENABLE_MODULES = YES;
				CLANG_ENABLE_OBJC_ARC = YES;
				CLANG_ENABLE_OBJC_WEAK = YES;
				CLANG_WARN_BLOCK_CAPTURE_AUTORELEASING = YES;
				CLANG_WARN_BOOL_CONVERSION = YES;
				CLANG_WARN_COMMA = YES;
				CLANG_WARN_CONSTANT_CONVERSION = YES;
				CLANG_WARN_DEPRECATED_OBJC_IMPLEMENTATIONS = YES;
				CLANG_WARN_DIRECT_OBJC_ISA_USAGE = YES_ERROR;
				CLANG_WARN_DOCUMENTATION_COMMENTS = YES;
				CLANG_WARN_EMPTY_BODY = YES;
				CLANG_WARN_ENUM_CONVERSION = YES;
				CLANG_WARN_INFINITE_RECURSION = YES;
				CLANG_WARN_INT_CONVERSION = YES;
				CLANG_WARN_NON_LITERAL_NULL_CONVERSION = YES;
				CLANG_WARN_OBJC_IMPLICIT_RETAIN_SELF = YES;
				CLANG_WARN_OBJC_LITERAL_CONVERSION = YES;
				CLANG_WARN_OBJC_ROOT_CLASS = YES_ERROR;
				CLANG_WARN_QUOTED_INCLUDE_IN_FRAMEWORK_HEADER = YES;
				CLANG_WARN_RANGE_LOOP_ANALYSIS = YES;
				CLANG_WARN_STRICT_PROTOTYPES = YES;
				CLANG_WARN_SUSPICIOUS_MOVE = YES;
				CLANG_WARN_UNGUARDED_AVAILABILITY = YES_AGGRESSIVE;
				CLANG_WARN_UNREACHABLE_CODE = YES;
				CLANG_WARN__DUPLICATE_METHOD_MATCH = YES;
				COPY_PHASE_STRIP = NO;
				DEBUG_INFORMATION_FORMAT = dwarf;
				ENABLE_STRICT_OBJC_MSGSEND = YES;
				ENABLE_TESTABILITY = YES;
				GCC_C_LANGUAGE_STANDARD = gnu11;
				GCC_DYNAMIC_NO_PIC = NO;
				GCC_NO_COMMON_BLOCKS = YES;
				GCC_OPTIMIZATION_LEVEL = 0;
				GCC_PREPROCESSOR_DEFINITIONS = (
					"DEBUG=1",
					"$(inherited)",
				);
				GCC_WARN_64_TO_32_BIT_CONVERSION = YES;
				GCC_WARN_ABOUT_RETURN_TYPE = YES_ERROR;
				GCC_WARN_UNDECLARED_SELECTOR = YES;
				GCC_WARN_UNINITIALIZED_AUTOS = YES_AGGRESSIVE;
				GCC_WARN_UNUSED_FUNCTION = YES;
				GCC_WARN_UNUSED_VARIABLE = YES;
				IPHONEOS_DEPLOYMENT_TARGET = 14.5;
				MTL_ENABLE_DEBUG_INFO = INCLUDE_SOURCE;
				MTL_FAST_MATH = YES;
				ONLY_ACTIVE_ARCH = YES;
				SDKROOT = iphoneos;
				SWIFT_ACTIVE_COMPILATION_CONDITIONS = DEBUG;
				SWIFT_OPTIMIZATION_LEVEL = "-Onone";
			};
			name = Debug;
		};
		D0C07C1E26A35BDF0018E0CA /* Release */ = {
			isa = XCBuildConfiguration;
			buildSettings = {
				ALWAYS_SEARCH_USER_PATHS = NO;
				CLANG_ANALYZER_NONNULL = YES;
				CLANG_ANALYZER_NUMBER_OBJECT_CONVERSION = YES_AGGRESSIVE;
				CLANG_CXX_LANGUAGE_STANDARD = "gnu++14";
				CLANG_CXX_LIBRARY = "libc++";
				CLANG_ENABLE_MODULES = YES;
				CLANG_ENABLE_OBJC_ARC = YES;
				CLANG_ENABLE_OBJC_WEAK = YES;
				CLANG_WARN_BLOCK_CAPTURE_AUTORELEASING = YES;
				CLANG_WARN_BOOL_CONVERSION = YES;
				CLANG_WARN_COMMA = YES;
				CLANG_WARN_CONSTANT_CONVERSION = YES;
				CLANG_WARN_DEPRECATED_OBJC_IMPLEMENTATIONS = YES;
				CLANG_WARN_DIRECT_OBJC_ISA_USAGE = YES_ERROR;
				CLANG_WARN_DOCUMENTATION_COMMENTS = YES;
				CLANG_WARN_EMPTY_BODY = YES;
				CLANG_WARN_ENUM_CONVERSION = YES;
				CLANG_WARN_INFINITE_RECURSION = YES;
				CLANG_WARN_INT_CONVERSION = YES;
				CLANG_WARN_NON_LITERAL_NULL_CONVERSION = YES;
				CLANG_WARN_OBJC_IMPLICIT_RETAIN_SELF = YES;
				CLANG_WARN_OBJC_LITERAL_CONVERSION = YES;
				CLANG_WARN_OBJC_ROOT_CLASS = YES_ERROR;
				CLANG_WARN_QUOTED_INCLUDE_IN_FRAMEWORK_HEADER = YES;
				CLANG_WARN_RANGE_LOOP_ANALYSIS = YES;
				CLANG_WARN_STRICT_PROTOTYPES = YES;
				CLANG_WARN_SUSPICIOUS_MOVE = YES;
				CLANG_WARN_UNGUARDED_AVAILABILITY = YES_AGGRESSIVE;
				CLANG_WARN_UNREACHABLE_CODE = YES;
				CLANG_WARN__DUPLICATE_METHOD_MATCH = YES;
				COPY_PHASE_STRIP = NO;
				DEBUG_INFORMATION_FORMAT = "dwarf-with-dsym";
				ENABLE_NS_ASSERTIONS = NO;
				ENABLE_STRICT_OBJC_MSGSEND = YES;
				GCC_C_LANGUAGE_STANDARD = gnu11;
				GCC_NO_COMMON_BLOCKS = YES;
				GCC_WARN_64_TO_32_BIT_CONVERSION = YES;
				GCC_WARN_ABOUT_RETURN_TYPE = YES_ERROR;
				GCC_WARN_UNDECLARED_SELECTOR = YES;
				GCC_WARN_UNINITIALIZED_AUTOS = YES_AGGRESSIVE;
				GCC_WARN_UNUSED_FUNCTION = YES;
				GCC_WARN_UNUSED_VARIABLE = YES;
				IPHONEOS_DEPLOYMENT_TARGET = 14.5;
				MTL_ENABLE_DEBUG_INFO = NO;
				MTL_FAST_MATH = YES;
				SDKROOT = iphoneos;
				SWIFT_COMPILATION_MODE = wholemodule;
				SWIFT_OPTIMIZATION_LEVEL = "-O";
				VALIDATE_PRODUCT = YES;
			};
			name = Release;
		};
		D0C07C2026A35BDF0018E0CA /* Debug */ = {
			isa = XCBuildConfiguration;
			buildSettings = {
				ASSETCATALOG_COMPILER_APPICON_NAME = AppIcon;
				ASSETCATALOG_COMPILER_GLOBAL_ACCENT_COLOR_NAME = AccentColor;
				CODE_SIGN_STYLE = Automatic;
				DEVELOPMENT_ASSET_PATHS = "\"SurveillerVotrePoids/Preview Content\"";
				DEVELOPMENT_TEAM = 4KMXSFV7NK;
				ENABLE_PREVIEWS = YES;
				INFOPLIST_FILE = SurveillerVotrePoids/Info.plist;
				IPHONEOS_DEPLOYMENT_TARGET = 14.0;
				LD_RUNPATH_SEARCH_PATHS = (
					"$(inherited)",
					"@executable_path/Frameworks",
				);
				PRODUCT_BUNDLE_IDENTIFIER = com.samir.demo.SVP;
				PRODUCT_NAME = "$(TARGET_NAME)";
				SWIFT_VERSION = 5.0;
				TARGETED_DEVICE_FAMILY = "1,2";
			};
			name = Debug;
		};
		D0C07C2126A35BDF0018E0CA /* Release */ = {
			isa = XCBuildConfiguration;
			buildSettings = {
				ASSETCATALOG_COMPILER_APPICON_NAME = AppIcon;
				ASSETCATALOG_COMPILER_GLOBAL_ACCENT_COLOR_NAME = AccentColor;
				CODE_SIGN_STYLE = Automatic;
				DEVELOPMENT_ASSET_PATHS = "\"SurveillerVotrePoids/Preview Content\"";
				DEVELOPMENT_TEAM = 4KMXSFV7NK;
				ENABLE_PREVIEWS = YES;
				INFOPLIST_FILE = SurveillerVotrePoids/Info.plist;
				IPHONEOS_DEPLOYMENT_TARGET = 14.0;
				LD_RUNPATH_SEARCH_PATHS = (
					"$(inherited)",
					"@executable_path/Frameworks",
				);
				PRODUCT_BUNDLE_IDENTIFIER = com.samir.demo.SVP;
				PRODUCT_NAME = "$(TARGET_NAME)";
				SWIFT_VERSION = 5.0;
				TARGETED_DEVICE_FAMILY = "1,2";
			};
			name = Release;
		};
/* End XCBuildConfiguration section */

/* Begin XCConfigurationList section */
		D0C07C0B26A35BDC0018E0CA /* Build configuration list for PBXProject "SurveillerVotrePoids" */ = {
			isa = XCConfigurationList;
			buildConfigurations = (
				D0C07C1D26A35BDF0018E0CA /* Debug */,
				D0C07C1E26A35BDF0018E0CA /* Release */,
			);
			defaultConfigurationIsVisible = 0;
			defaultConfigurationName = Release;
		};
		D0C07C1F26A35BDF0018E0CA /* Build configuration list for PBXNativeTarget "SurveillerVotrePoids" */ = {
			isa = XCConfigurationList;
			buildConfigurations = (
				D0C07C2026A35BDF0018E0CA /* Debug */,
				D0C07C2126A35BDF0018E0CA /* Release */,
			);
			defaultConfigurationIsVisible = 0;
			defaultConfigurationName = Release;
		};
/* End XCConfigurationList section */

/* Begin XCRemoteSwiftPackageReference section */
		D0C91B6126B97EDF003B3227 /* XCRemoteSwiftPackageReference "firebase-ios-sdk" */ = {
			isa = XCRemoteSwiftPackageReference;
			repositoryURL = "https://github.com/firebase/firebase-ios-sdk.git";
			requirement = {
				kind = upToNextMajorVersion;
				minimumVersion = 8.4.0;
			};
		};
		D0DDA35826A6E23700C7F645 /* XCRemoteSwiftPackageReference "ChartView" */ = {
			isa = XCRemoteSwiftPackageReference;
			repositoryURL = "https://github.com/AppPear/ChartView";
			requirement = {
				kind = upToNextMajorVersion;
				minimumVersion = 1.5.5;
			};
		};
/* End XCRemoteSwiftPackageReference section */

/* Begin XCSwiftPackageProductDependency section */
		D0C91B6226B97EDF003B3227 /* FirebaseAuth */ = {
			isa = XCSwiftPackageProductDependency;
			package = D0C91B6126B97EDF003B3227 /* XCRemoteSwiftPackageReference "firebase-ios-sdk" */;
			productName = FirebaseAuth;
		};
		D0C91B6426B97EDF003B3227 /* FirebaseFirestore */ = {
			isa = XCSwiftPackageProductDependency;
			package = D0C91B6126B97EDF003B3227 /* XCRemoteSwiftPackageReference "firebase-ios-sdk" */;
			productName = FirebaseFirestore;
		};
		D0C91B6626B97EDF003B3227 /* FirebaseDatabase */ = {
			isa = XCSwiftPackageProductDependency;
			package = D0C91B6126B97EDF003B3227 /* XCRemoteSwiftPackageReference "firebase-ios-sdk" */;
			productName = FirebaseDatabase;
		};
		D0DDA35926A6E23700C7F645 /* SwiftUICharts */ = {
			isa = XCSwiftPackageProductDependency;
			package = D0DDA35826A6E23700C7F645 /* XCRemoteSwiftPackageReference "ChartView" */;
			productName = SwiftUICharts;
		};
/* End XCSwiftPackageProductDependency section */
	};
	rootObject = D0C07C0826A35BDC0018E0CA /* Project object */;
}
